
Microsoft Visual Studio Solution File, Format Version 12.00
# Visual Studio 15
VisualStudioVersion = 15.0.27130.2010
MinimumVisualStudioVersion = 10.0.40219.1
Project("{FAE04EC0-301F-11D3-BF4B-00C04F79EFBC}") = "Variable", "Variable\Variable.csproj", "{BE7BD874-299D-43EB-A816-CAD7432D8FDC}"
EndProject
Global
	GlobalSection(SolutionConfigurationPlatforms) = preSolution
		Debug|Any CPU = Debug|Any CPU
		Release|Any CPU = Release|Any CPU
	EndGlobalSection
	GlobalSection(ProjectConfigurationPlatforms) = postSolution
		{BE7BD874-299D-43EB-A816-CAD7432D8FDC}.Debug|Any CPU.ActiveCfg = Debug|Any CPU
		{BE7BD874-299D-43EB-A816-CAD7432D8FDC}.Debug|Any CPU.Build.0 = Debug|Any CPU
		{BE7BD874-299D-43EB-A816-CAD7432D8FDC}.Release|Any CPU.ActiveCfg = Release|Any CPU
		{BE7BD874-299D-43EB-A816-CAD7432D8FDC}.Release|Any CPU.Build.0 = Release|Any CPU
	EndGlobalSection
	GlobalSection(SolutionProperties) = preSolution
		HideSolutionNode = FALSE
	EndGlobalSection
	GlobalSection(ExtensibilityGlobals) = postSolution
		SolutionGuid = {F61D594B-2C59-4FEE-9328-61CA86B4F006}
	EndGlobalSection
EndGlobal
