
Microsoft Visual Studio Solution File, Format Version 12.00
# Visual Studio 15
VisualStudioVersion = 15.0.27130.2010
MinimumVisualStudioVersion = 10.0.40219.1
Project("{FAE04EC0-301F-11D3-BF4B-00C04F79EFBC}") = "ComparisonOperators", "ComparisonOperators\ComparisonOperators.csproj", "{0F3D6393-1137-4D51-A266-C72AC2CE5895}"
EndProject
Global
	GlobalSection(SolutionConfigurationPlatforms) = preSolution
		Debug|Any CPU = Debug|Any CPU
		Release|Any CPU = Release|Any CPU
	EndGlobalSection
	GlobalSection(ProjectConfigurationPlatforms) = postSolution
		{0F3D6393-1137-4D51-A266-C72AC2CE5895}.Debug|Any CPU.ActiveCfg = Debug|Any CPU
		{0F3D6393-1137-4D51-A266-C72AC2CE5895}.Debug|Any CPU.Build.0 = Debug|Any CPU
		{0F3D6393-1137-4D51-A266-C72AC2CE5895}.Release|Any CPU.ActiveCfg = Release|Any CPU
		{0F3D6393-1137-4D51-A266-C72AC2CE5895}.Release|Any CPU.Build.0 = Release|Any CPU
	EndGlobalSection
	GlobalSection(SolutionProperties) = preSolution
		HideSolutionNode = FALSE
	EndGlobalSection
	GlobalSection(ExtensibilityGlobals) = postSolution
		SolutionGuid = {43C274A6-669E-4DFF-B5F5-B86033CBA583}
	EndGlobalSection
EndGlobal
