
Microsoft Visual Studio Solution File, Format Version 12.00
# Visual Studio 15
VisualStudioVersion = 15.0.27130.2010
MinimumVisualStudioVersion = 10.0.40219.1
Project("{FAE04EC0-301F-11D3-BF4B-00C04F79EFBC}") = "DoorLock", "DoorLock\DoorLock.csproj", "{02FA589B-ADA1-4603-82F2-B312C7EEAC4C}"
EndProject
Global
	GlobalSection(SolutionConfigurationPlatforms) = preSolution
		Debug|Any CPU = Debug|Any CPU
		Release|Any CPU = Release|Any CPU
	EndGlobalSection
	GlobalSection(ProjectConfigurationPlatforms) = postSolution
		{02FA589B-ADA1-4603-82F2-B312C7EEAC4C}.Debug|Any CPU.ActiveCfg = Debug|Any CPU
		{02FA589B-ADA1-4603-82F2-B312C7EEAC4C}.Debug|Any CPU.Build.0 = Debug|Any CPU
		{02FA589B-ADA1-4603-82F2-B312C7EEAC4C}.Release|Any CPU.ActiveCfg = Release|Any CPU
		{02FA589B-ADA1-4603-82F2-B312C7EEAC4C}.Release|Any CPU.Build.0 = Release|Any CPU
	EndGlobalSection
	GlobalSection(SolutionProperties) = preSolution
		HideSolutionNode = FALSE
	EndGlobalSection
	GlobalSection(ExtensibilityGlobals) = postSolution
		SolutionGuid = {1E109718-4EF8-4F97-8F98-6E92243803EA}
	EndGlobalSection
EndGlobal
